
Microsoft Visual Studio Solution File, Format Version 12.00
# Visual Studio Version 17
VisualStudioVersion = 17.6.33723.286
MinimumVisualStudioVersion = 10.0.40219.1
Project("{FAE04EC0-301F-11D3-BF4B-00C04F79EFBC}") = "Lab_3", "Lab_3\Lab_3.csproj", "{78093B25-DDFB-48F4-B6D7-71AED4734DC5}"
EndProject
Global
	GlobalSection(SolutionConfigurationPlatforms) = preSolution
		Debug|Any CPU = Debug|Any CPU
		Release|Any CPU = Release|Any CPU
	EndGlobalSection
	GlobalSection(ProjectConfigurationPlatforms) = postSolution
		{78093B25-DDFB-48F4-B6D7-71AED4734DC5}.Debug|Any CPU.ActiveCfg = Debug|Any CPU
		{78093B25-DDFB-48F4-B6D7-71AED4734DC5}.Debug|Any CPU.Build.0 = Debug|Any CPU
		{78093B25-DDFB-48F4-B6D7-71AED4734DC5}.Release|Any CPU.ActiveCfg = Release|Any CPU
		{78093B25-DDFB-48F4-B6D7-71AED4734DC5}.Release|Any CPU.Build.0 = Release|Any CPU
	EndGlobalSection
	GlobalSection(SolutionProperties) = preSolution
		HideSolutionNode = FALSE
	EndGlobalSection
	GlobalSection(ExtensibilityGlobals) = postSolution
		SolutionGuid = {56A0BE08-8C35-4EA4-81F0-B09212DAE0D1}
	EndGlobalSection
EndGlobal
