
Microsoft Visual Studio Solution File, Format Version 12.00
# Visual Studio Version 17
VisualStudioVersion = 17.6.33723.286
MinimumVisualStudioVersion = 10.0.40219.1
Project("{FAE04EC0-301F-11D3-BF4B-00C04F79EFBC}") = "Lab6", "Lab6\Lab6.csproj", "{4BA603CB-D6C3-4188-99AF-3929264EB136}"
EndProject
Global
	GlobalSection(SolutionConfigurationPlatforms) = preSolution
		Debug|Any CPU = Debug|Any CPU
		Release|Any CPU = Release|Any CPU
	EndGlobalSection
	GlobalSection(ProjectConfigurationPlatforms) = postSolution
		{4BA603CB-D6C3-4188-99AF-3929264EB136}.Debug|Any CPU.ActiveCfg = Debug|Any CPU
		{4BA603CB-D6C3-4188-99AF-3929264EB136}.Debug|Any CPU.Build.0 = Debug|Any CPU
		{4BA603CB-D6C3-4188-99AF-3929264EB136}.Release|Any CPU.ActiveCfg = Release|Any CPU
		{4BA603CB-D6C3-4188-99AF-3929264EB136}.Release|Any CPU.Build.0 = Release|Any CPU
	EndGlobalSection
	GlobalSection(SolutionProperties) = preSolution
		HideSolutionNode = FALSE
	EndGlobalSection
	GlobalSection(ExtensibilityGlobals) = postSolution
		SolutionGuid = {AEE87DFD-AB3B-4F0D-A3CC-03A265F4EA1C}
	EndGlobalSection
EndGlobal
